<?xml version="1.0" encoding="UTF-8"?>
<Scheme
   LastUpgradeVersion = "0630"
   version = "2.0">
   <BuildAction
      parallelizeBuildables = "YES"
      buildImplicitDependencies = "YES">
      <BuildActionEntries>
         <BuildActionEntry
            buildForTesting = "YES"
            buildForRunning = "YES"
            buildForProfiling = "YES"
            buildForArchiving = "YES"
            buildForAnalyzing = "YES">
            <BuildableReference
               BuildableIdentifier = "primary"
               BlueprintIdentifier = "B388B29A1B13B7B2000C028B"
               BuildableName = "HackerQueueMobile WatchKit App.app"
               BlueprintName = "HackerQueueMobile WatchKit App"
               ReferencedContainer = "container:HackerQueueMobile.xcodeproj">
            </BuildableReference>
         </BuildActionEntry>
         <BuildActionEntry
            buildForTesting = "YES"
            buildForRunning = "YES"
            buildForProfiling = "YES"
            buildForArchiving = "YES"
            buildForAnalyzing = "YES">
            <BuildableReference
               BuildableIdentifier = "primary"
               BlueprintIdentifier = "B388B25E1B13B274000C028B"
               BuildableName = "HackerQueueMobile.app"
               BlueprintName = "HackerQueueMobile"
               ReferencedContainer = "container:HackerQueueMobile.xcodeproj">
            </BuildableReference>
         </BuildActionEntry>
         <BuildActionEntry
            buildForTesting = "YES"
            buildForRunning = "YES"
            buildForProfiling = "YES"
            buildForArchiving = "YES"
            buildForAnalyzing = "YES">
            <BuildableReference
               BuildableIdentifier = "primary"
               BlueprintIdentifier = "B388B28E1B13B7B1000C028B"
               BuildableName = "HackerQueueMobile WatchKit Extension.appex"
               BlueprintName = "HackerQueueMobile WatchKit Extension"
               ReferencedContainer = "container:HackerQueueMobile.xcodeproj">
            </BuildableReference>
         </BuildActionEntry>
      </BuildActionEntries>
   </BuildAction>
   <TestAction
      selectedDebuggerIdentifier = "Xcode.DebuggerFoundation.Debugger.LLDB"
      selectedLauncherIdentifier = "Xcode.DebuggerFoundation.Launcher.LLDB"
      shouldUseLaunchSchemeArgsEnv = "YES"
      buildConfiguration = "Debug">
      <Testables>
      </Testables>
      <MacroExpansion>
         <BuildableReference
            BuildableIdentifier = "primary"
            BlueprintIdentifier = "B388B29A1B13B7B2000C028B"
            BuildableName = "HackerQueueMobile WatchKit App.app"
            BlueprintName = "HackerQueueMobile WatchKit App"
            ReferencedContainer = "container:HackerQueueMobile.xcodeproj">
         </BuildableReference>
      </MacroExpansion>
   </TestAction>
   <LaunchAction
      selectedDebuggerIdentifier = "Xcode.DebuggerFoundation.Debugger.LLDB"
      selectedLauncherIdentifier = "Xcode.DebuggerFoundation.Launcher.LLDB"
      launchStyle = "0"
      useCustomWorkingDirectory = "NO"
      buildConfiguration = "Debug"
      ignoresPersistentStateOnLaunch = "NO"
      debugDocumentVersioning = "YES"
      allowLocationSimulation = "YES"
      launchAutomaticallySubstyle = "4">
      <RemoteRunnable
         runnableDebuggingMode = "2"
         BundleIdentifier = "com.apple.springboard"
         RemotePath = "/HackerQueueMobile">
         <BuildableReference
            BuildableIdentifier = "primary"
            BlueprintIdentifier = "B388B29A1B13B7B2000C028B"
            BuildableName = "HackerQueueMobile WatchKit App.app"
            BlueprintName = "HackerQueueMobile WatchKit App"
            ReferencedContainer = "container:HackerQueueMobile.xcodeproj">
         </BuildableReference>
      </RemoteRunnable>
      <MacroExpansion>
         <BuildableReference
            BuildableIdentifier = "primary"
            BlueprintIdentifier = "B388B29A1B13B7B2000C028B"
            BuildableName = "HackerQueueMobile WatchKit App.app"
            BlueprintName = "HackerQueueMobile WatchKit App"
            ReferencedContainer = "container:HackerQueueMobile.xcodeproj">
         </BuildableReference>
      </MacroExpansion>
      <AdditionalOptions>
      </AdditionalOptions>
   </LaunchAction>
   <ProfileAction
      shouldUseLaunchSchemeArgsEnv = "YES"
      savedToolIdentifier = ""
      useCustomWorkingDirectory = "NO"
      buildConfiguration = "Release"
      debugDocumentVersioning = "YES"
      launchAutomaticallySubstyle = "4">
      <RemoteRunnable
         runnableDebuggingMode = "2"
         BundleIdentifier = "com.apple.springboard"
         RemotePath = "/HackerQueueMobile">
         <BuildableReference
            BuildableIdentifier = "primary"
            BlueprintIdentifier = "B388B29A1B13B7B2000C028B"
            BuildableName = "HackerQueueMobile WatchKit App.app"
            BlueprintName = "HackerQueueMobile WatchKit App"
            ReferencedContainer = "container:HackerQueueMobile.xcodeproj">
         </BuildableReference>
      </RemoteRunnable>
      <MacroExpansion>
         <BuildableReference
            BuildableIdentifier = "primary"
            BlueprintIdentifier = "B388B29A1B13B7B2000C028B"
            BuildableName = "HackerQueueMobile WatchKit App.app"
            BlueprintName = "HackerQueueMobile WatchKit App"
            ReferencedContainer = "container:HackerQueueMobile.xcodeproj">
         </BuildableReference>
      </MacroExpansion>
   </ProfileAction>
   <AnalyzeAction
      buildConfiguration = "Debug">
   </AnalyzeAction>
   <ArchiveAction
      buildConfiguration = "Release"
      revealArchiveInOrganizer = "YES">
   </ArchiveAction>
</Scheme>
